<Solution>
  <Configurations>
    <Platform Name="Any CPU" />
    <Platform Name="x64" />
    <Platform Name="x86" />
  </Configurations>
  <Folder Name="/Solution Items/">
    <File Path=".editorconfig" />
    <File Path="docker-compose.yml" />
  </Folder>
  <Project Path="../build/_build.csproj">
    <Build Solution="*|Any CPU" Project="false" />
  </Project>
  <Project Path="DbUpdate/DbUpdate.csproj" />
  <Project Path="Streetcode.ApiGateway/Streetcode.ApiGateway.csproj" />
  <Project Path="Streetcode.Auth/Streetcode.Auth.csproj" />
  <Project Path="Streetcode.BLL/Streetcode.BLL.csproj" />
  <Project Path="Streetcode.Common/Streetcode.Common.csproj" />
  <Project Path="Streetcode.DAL/Streetcode.DAL.csproj" />
  <Project Path="Streetcode.EmailService/Streetcode.EmailService.csproj" />
  <Project Path="Streetcode.Shared.Web/Streetcode.Shared.Web.csproj" Id="c9caa9d9-a535-4e1c-854b-dcef342c98e3" />
  <Project Path="Streetcode.WebApi/Streetcode.WebApi.csproj" />
  <Project Path="Streetcode.XIntegrationTest/Streetcode.XIntegrationTest.csproj" />
  <Project Path="Streetcode.XUnitTest/Streetcode.XUnitTest.csproj" />
</Solution>
